
Microsoft Visual Studio Solution File, Format Version 11.00
# Visual Studio 2010
Project("{FAE04EC0-301F-11D3-BF4B-00C04F79EFBC}") = "CookieBug", "CookieBug\CookieBug.csproj", "{6CBE0708-52B2-49CC-8FCA-9C86D8B66AC0}"
EndProject
Global
	GlobalSection(SolutionConfigurationPlatforms) = preSolution
		Debug|x86 = Debug|x86
		Release|x86 = Release|x86
	EndGlobalSection
	GlobalSection(ProjectConfigurationPlatforms) = postSolution
		{6CBE0708-52B2-49CC-8FCA-9C86D8B66AC0}.Debug|x86.ActiveCfg = Debug|x86
		{6CBE0708-52B2-49CC-8FCA-9C86D8B66AC0}.Debug|x86.Build.0 = Debug|x86
		{6CBE0708-52B2-49CC-8FCA-9C86D8B66AC0}.Release|x86.ActiveCfg = Release|x86
		{6CBE0708-52B2-49CC-8FCA-9C86D8B66AC0}.Release|x86.Build.0 = Release|x86
	EndGlobalSection
	GlobalSection(SolutionProperties) = preSolution
		HideSolutionNode = FALSE
	EndGlobalSection
EndGlobal
